{
  "version": 4,
  "terraform_version": "1.12.2",
  "serial": 13,
  "lineage": "1824f9f6-a5d3-42f5-1001-abf56ae73028",
  "outputs": {
    "JenkinsDNS": {
      "value": "ec2-44-212-63-93.compute-1.amazonaws.com",
      "type": "string"
    },
    "JenkinsURL": {
      "value": "http://ec2-44-212-63-93.compute-1.amazonaws.com:8080",
      "type": "string"
    }
  },
  "resources": [
    {
      "mode": "managed",
      "type": "aws_iam_instance_profile",
      "name": "tf-jenkins-server-profile",
      "provider": "provider[\"registry.terraform.io/hashicorp/aws\"]",
      "instances": [
        {
          "schema_version": 0,
          "attributes": {
            "arn": "arn:aws:iam::163447728448:instance-profile/jenkins-server-profile",
            "create_date": "2025-08-13T19:12:56Z",
            "id": "jenkins-server-profile",
            "name": "jenkins-server-profile",
            "name_prefix": "",
            "path": "/",
            "role": "jenkins_server_role",
            "tags": {},
            "tags_all": {},
            "unique_id": "AIPASMDR6NFAKD6EOHWLK"
          },
          "sensitive_attributes": [],
          "identity_schema_version": 0,
          "private": "bnVsbA==",
          "dependencies": [
            "aws_iam_role.tf_jenkins_server_role"
          ]
        }
      ]
    },
    {
      "mode": "managed",
      "type": "aws_iam_role",
      "name": "tf_jenkins_server_role",
      "provider": "provider[\"registry.terraform.io/hashicorp/aws\"]",
      "instances": [
        {
          "schema_version": 0,
          "attributes": {
            "arn": "arn:aws:iam::163447728448:role/jenkins_server_role",
            "assume_role_policy": "{\"Statement\":[{\"Action\":\"sts:AssumeRole\",\"Effect\":\"Allow\",\"Principal\":{\"Service\":\"ec2.amazonaws.com\"},\"Sid\":\"\"}],\"Version\":\"2012-10-17\"}",
            "create_date": "2025-08-13T19:12:55Z",
            "description": "",
            "force_detach_policies": false,
            "id": "jenkins_server_role",
            "inline_policy": [],
            "managed_policy_arns": [
              "arn:aws:iam::aws:policy/AWSCloudFormationFullAccess",
              "arn:aws:iam::aws:policy/AdministratorAccess",
              "arn:aws:iam::aws:policy/AmazonEC2ContainerRegistryFullAccess"
            ],
            "max_session_duration": 3600,
            "name": "jenkins_server_role",
            "name_prefix": "",
            "path": "/",
            "permissions_boundary": "",
            "tags": {},
            "tags_all": {},
            "unique_id": "AROASMDR6NFAI3ZEMSS2P"
          },
          "sensitive_attributes": [],
          "identity_schema_version": 0,
          "identity": {
            "account_id": "163447728448",
            "name": "jenkins_server_role"
          },
          "private": "bnVsbA=="
        }
      ]
    },
    {
      "mode": "managed",
      "type": "aws_iam_role_policy_attachment",
      "name": "admin_attach",
      "provider": "provider[\"registry.terraform.io/hashicorp/aws\"]",
      "instances": [
        {
          "schema_version": 0,
          "attributes": {
            "id": "jenkins_server_role/arn:aws:iam::aws:policy/AdministratorAccess",
            "policy_arn": "arn:aws:iam::aws:policy/AdministratorAccess",
            "role": "jenkins_server_role"
          },
          "sensitive_attributes": [],
          "identity_schema_version": 0,
          "identity": {
            "account_id": "163447728448",
            "policy_arn": "arn:aws:iam::aws:policy/AdministratorAccess",
            "role": "jenkins_server_role"
          },
          "private": "bnVsbA==",
          "dependencies": [
            "aws_iam_role.tf_jenkins_server_role"
          ]
        }
      ]
    },
    {
      "mode": "managed",
      "type": "aws_iam_role_policy_attachment",
      "name": "cf_attach",
      "provider": "provider[\"registry.terraform.io/hashicorp/aws\"]",
      "instances": [
        {
          "schema_version": 0,
          "attributes": {
            "id": "jenkins_server_role/arn:aws:iam::aws:policy/AWSCloudFormationFullAccess",
            "policy_arn": "arn:aws:iam::aws:policy/AWSCloudFormationFullAccess",
            "role": "jenkins_server_role"
          },
          "sensitive_attributes": [],
          "identity_schema_version": 0,
          "identity": {
            "account_id": "163447728448",
            "policy_arn": "arn:aws:iam::aws:policy/AWSCloudFormationFullAccess",
            "role": "jenkins_server_role"
          },
          "private": "bnVsbA==",
          "dependencies": [
            "aws_iam_role.tf_jenkins_server_role"
          ]
        }
      ]
    },
    {
      "mode": "managed",
      "type": "aws_iam_role_policy_attachment",
      "name": "ecr_attach",
      "provider": "provider[\"registry.terraform.io/hashicorp/aws\"]",
      "instances": [
        {
          "schema_version": 0,
          "attributes": {
            "id": "jenkins_server_role/arn:aws:iam::aws:policy/AmazonEC2ContainerRegistryFullAccess",
            "policy_arn": "arn:aws:iam::aws:policy/AmazonEC2ContainerRegistryFullAccess",
            "role": "jenkins_server_role"
          },
          "sensitive_attributes": [],
          "identity_schema_version": 0,
          "identity": {
            "account_id": "163447728448",
            "policy_arn": "arn:aws:iam::aws:policy/AmazonEC2ContainerRegistryFullAccess",
            "role": "jenkins_server_role"
          },
          "private": "bnVsbA==",
          "dependencies": [
            "aws_iam_role.tf_jenkins_server_role"
          ]
        }
      ]
    },
    {
      "mode": "managed",
      "type": "aws_instance",
      "name": "tf-jenkins-server",
      "provider": "provider[\"registry.terraform.io/hashicorp/aws\"]",
      "instances": [
        {
          "schema_version": 2,
          "attributes": {
            "ami": "ami-0e1989e836322f58b",
            "arn": "arn:aws:ec2:us-east-1:163447728448:instance/i-0bef86e8988f47808",
            "associate_public_ip_address": true,
            "availability_zone": "us-east-1d",
            "capacity_reservation_specification": [
              {
                "capacity_reservation_preference": "open",
                "capacity_reservation_target": []
              }
            ],
            "cpu_options": [
              {
                "amd_sev_snp": "",
                "core_count": 2,
                "threads_per_core": 1
              }
            ],
            "credit_specification": [
              {
                "cpu_credits": "standard"
              }
            ],
            "disable_api_stop": false,
            "disable_api_termination": false,
            "ebs_block_device": [
              {
                "delete_on_termination": true,
                "device_name": "/dev/xvda",
                "encrypted": false,
                "iops": 100,
                "kms_key_id": "",
                "snapshot_id": "",
                "tags": {},
                "tags_all": {},
                "throughput": 0,
                "volume_id": "vol-04d5a57fe5cd88df9",
                "volume_size": 16,
                "volume_type": "gp2"
              }
            ],
            "ebs_optimized": false,
            "enable_primary_ipv6": null,
            "enclave_options": [
              {
                "enabled": false
              }
            ],
            "ephemeral_block_device": [],
            "force_destroy": false,
            "get_password_data": false,
            "hibernation": false,
            "host_id": "",
            "host_resource_group_arn": null,
            "iam_instance_profile": "jenkins-server-profile",
            "id": "i-0bef86e8988f47808",
            "instance_initiated_shutdown_behavior": "stop",
            "instance_lifecycle": "",
            "instance_market_options": [],
            "instance_state": "running",
            "instance_type": "t2.medium",
            "ipv6_address_count": 0,
            "ipv6_addresses": [],
            "key_name": "petclinic",
            "launch_template": [],
            "maintenance_options": [
              {
                "auto_recovery": "default"
              }
            ],
            "metadata_options": [
              {
                "http_endpoint": "enabled",
                "http_protocol_ipv6": "disabled",
                "http_put_response_hop_limit": 2,
                "http_tokens": "required",
                "instance_metadata_tags": "disabled"
              }
            ],
            "monitoring": false,
            "network_interface": [],
            "outpost_arn": "",
            "password_data": "",
            "placement_group": "",
            "placement_partition_number": 0,
            "primary_network_interface_id": "eni-02d97a8ad8dba0901",
            "private_dns": "ip-172-31-95-125.ec2.internal",
            "private_dns_name_options": [
              {
                "enable_resource_name_dns_a_record": false,
                "enable_resource_name_dns_aaaa_record": false,
                "hostname_type": "ip-name"
              }
            ],
            "private_ip": "172.31.95.125",
            "public_dns": "ec2-44-212-63-93.compute-1.amazonaws.com",
            "public_ip": "44.212.63.93",
            "region": "us-east-1",
            "root_block_device": [
              {
                "delete_on_termination": true,
                "device_name": "/dev/xvda",
                "encrypted": false,
                "iops": 100,
                "kms_key_id": "",
                "tags": {},
                "tags_all": {},
                "throughput": 0,
                "volume_id": "vol-04d5a57fe5cd88df9",
                "volume_size": 16,
                "volume_type": "gp2"
              }
            ],
            "secondary_private_ips": [],
            "security_groups": [
              "jenkins_server_secgr"
            ],
            "source_dest_check": true,
            "spot_instance_request_id": "",
            "subnet_id": "subnet-0fcd9338f2a7054ac",
            "tags": {
              "environment": "dev",
              "server": "Jenkins"
            },
            "tags_all": {
              "environment": "dev",
              "server": "Jenkins"
            },
            "tenancy": "default",
            "timeouts": null,
            "user_data": "#! /bin/bash\nset -e  # Exit immediately on errors\n\necho \"==== [INFO]...Updating OS packages ====\"\nsudo yum update -y\n\necho \"==== [INFO]...Setting hostname to jenkins-server ====\"\nsudo hostnamectl set-hostname jenkins-server\n\necho \"==== [INFO]...Installing Git ====\"\nsudo yum install git -y\n\necho \"==== [INFO]...Installing Java 17 \u0026 dependencies for Jenkins ====\"\nsudo yum install java-17-amazon-corretto-devel -y\nsudo java -version\n\n\necho \"====[INFO]... Installing Jenkins ====\"\nsudo wget -O /etc/yum.repos.d/jenkins.repo \\\n    https://pkg.jenkins.io/redhat-stable/jenkins.repo\nsudo rpm --import https://pkg.jenkins.io/redhat-stable/jenkins.io-2023.key\nsudo dnf install jenkins -y\nsudo systemctl enable jenkins\nsudo systemctl start jenkins\n\necho \"==== [INFO]...Enabling and starting Jenkins ====\"\nsudo systemctl daemon-reload\nsudo systemctl enable --now jenkins\n\necho \"====[INFO]... Installing Docker ====\"\nsudo dnf install -y docker\nsudo usermod -aG docker ec2-user\nsudo usermod -aG docker jenkins\n\necho \"====[INFO]... Configuring Docker socket for local TCP access ====\"\nDOCKER_SERVICE_FILE=\"/lib/systemd/system/docker.service\"\nif ! grep -q \"tcp://127.0.0.1:2375\" \"$DOCKER_SERVICE_FILE\"; then\n    sudo cp $DOCKER_SERVICE_FILE ${DOCKER_SERVICE_FILE}.bak\n    sudo sed -i 's|^ExecStart=.*|ExecStart=/usr/bin/dockerd -H tcp://127.0.0.1:2375 -H unix:///var/run/docker.sock|' $DOCKER_SERVICE_FILE\n    sudo systemctl daemon-reload\n    sudo systemctl restart docker\nfi\n\necho \"==== [INFO]...Installing Docker Compose v2 ====\"\nDOCKER_CONFIG=${DOCKER_CONFIG:-$HOME/.docker}\nmkdir -p $DOCKER_CONFIG/cli-plugins\nsudo curl -SL https://github.com/docker/compose/releases/download/v2.29.2/docker-compose-linux-x86_64 \\\n    -o $DOCKER_CONFIG/cli-plugins/docker-compose\nsudo chmod +x $DOCKER_CONFIG/cli-plugins/docker-compose\n\necho \"====[INFO]... Installing AWS CLI v2 ====\"\nsudo curl \"https://awscli.amazonaws.com/awscli-exe-linux-x86_64.zip\" -o \"awscliv2.zip\"\nsudo unzip -o awscliv2.zip \nsudo ./aws/install --update \nsudo rm -rf aws awscliv2.zip\n\n\necho \"====[INFO]... Installing Python 3, Ansible, and Boto3 ====\"\nsudo yum update\nsudo yum install ansible.noarch python3-boto3.noarch -y\n\necho \"===[INFO]...= Installing Terraform ====\"\nsudo yum install -y yum-utils\nsudo yum-config-manager --add-repo https://rpm.releases.hashicorp.com/AmazonLinux/hashicorp.repo\nsudo yum install -y terraform\n\necho \"====[INFO]... Restarting Jenkins ====\"\nsudo systemctl restart jenkins\n\necho \"====[INFO]... Setup complete! ====\"\necho \"NOTE:[INFO]... Please reboot the instance to apply docker group changes:\"\necho \" [INFO]... rebooting my server\"\nsudo reboot ",
            "user_data_base64": null,
            "user_data_replace_on_change": false,
            "volume_tags": null,
            "vpc_security_group_ids": [
              "sg-03d1fc92300d6ec4f"
            ]
          },
          "sensitive_attributes": [],
          "identity_schema_version": 0,
          "private": "eyJlMmJmYjczMC1lY2FhLTExZTYtOGY4OC0zNDM2M2JjN2M0YzAiOnsiY3JlYXRlIjo2MDAwMDAwMDAwMDAsImRlbGV0ZSI6MTIwMDAwMDAwMDAwMCwicmVhZCI6OTAwMDAwMDAwMDAwLCJ1cGRhdGUiOjYwMDAwMDAwMDAwMH0sInNjaGVtYV92ZXJzaW9uIjoiMiJ9",
          "dependencies": [
            "aws_iam_instance_profile.tf-jenkins-server-profile",
            "aws_iam_role.tf_jenkins_server_role",
            "aws_security_group.tf-jenkins-sec-gr"
          ]
        }
      ]
    },
    {
      "mode": "managed",
      "type": "aws_security_group",
      "name": "tf-jenkins-sec-gr",
      "provider": "provider[\"registry.terraform.io/hashicorp/aws\"]",
      "instances": [
        {
          "schema_version": 1,
          "attributes": {
            "arn": "arn:aws:ec2:us-east-1:163447728448:security-group/sg-03d1fc92300d6ec4f",
            "description": "Managed by Terraform",
            "egress": [
              {
                "cidr_blocks": [
                  "0.0.0.0/0"
                ],
                "description": "",
                "from_port": 0,
                "ipv6_cidr_blocks": [],
                "prefix_list_ids": [],
                "protocol": "-1",
                "security_groups": [],
                "self": false,
                "to_port": 0
              }
            ],
            "id": "sg-03d1fc92300d6ec4f",
            "ingress": [
              {
                "cidr_blocks": [
                  "0.0.0.0/0"
                ],
                "description": "",
                "from_port": 22,
                "ipv6_cidr_blocks": [],
                "prefix_list_ids": [],
                "protocol": "tcp",
                "security_groups": [],
                "self": false,
                "to_port": 22
              },
              {
                "cidr_blocks": [
                  "0.0.0.0/0"
                ],
                "description": "",
                "from_port": 8080,
                "ipv6_cidr_blocks": [],
                "prefix_list_ids": [],
                "protocol": "tcp",
                "security_groups": [],
                "self": false,
                "to_port": 8080
              },
              {
                "cidr_blocks": [
                  "0.0.0.0/0"
                ],
                "description": "",
                "from_port": 80,
                "ipv6_cidr_blocks": [],
                "prefix_list_ids": [],
                "protocol": "tcp",
                "security_groups": [],
                "self": false,
                "to_port": 80
              }
            ],
            "name": "jenkins_server_secgr",
            "name_prefix": "",
            "owner_id": "163447728448",
            "region": "us-east-1",
            "revoke_rules_on_delete": false,
            "tags": {
              "Name": "jenkins_server_secgr",
              "environment": "dev"
            },
            "tags_all": {
              "Name": "jenkins_server_secgr",
              "environment": "dev"
            },
            "timeouts": null,
            "vpc_id": "vpc-072356b5fdf5d2092"
          },
          "sensitive_attributes": [],
          "identity_schema_version": 0,
          "identity": {
            "account_id": "163447728448",
            "id": "sg-03d1fc92300d6ec4f",
            "region": "us-east-1"
          },
          "private": "eyJlMmJmYjczMC1lY2FhLTExZTYtOGY4OC0zNDM2M2JjN2M0YzAiOnsiY3JlYXRlIjo2MDAwMDAwMDAwMDAsImRlbGV0ZSI6OTAwMDAwMDAwMDAwfSwic2NoZW1hX3ZlcnNpb24iOiIxIn0="
        }
      ]
    },
    {
      "mode": "managed",
      "type": "null_resource",
      "name": "get_jenkins_password",
      "provider": "provider[\"registry.terraform.io/hashicorp/null\"]",
      "instances": [
        {
          "status": "tainted",
          "schema_version": 0,
          "attributes": {
            "id": "8918485406970063669",
            "triggers": {
              "instance_id": "i-0bef86e8988f47808"
            }
          },
          "sensitive_attributes": [],
          "identity_schema_version": 0,
          "dependencies": [
            "aws_iam_instance_profile.tf-jenkins-server-profile",
            "aws_iam_role.tf_jenkins_server_role",
            "aws_instance.tf-jenkins-server",
            "aws_security_group.tf-jenkins-sec-gr"
          ]
        }
      ]
    }
  ],
  "check_results": null
}
